
Microsoft Visual Studio Solution File, Format Version 12.00
# Visual Studio Version 17
VisualStudioVersion = 17.3.32819.101
MinimumVisualStudioVersion = 10.0.40219.1
Project("{FAE04EC0-301F-11D3-BF4B-00C04F79EFBC}") = "HelloBarcode", "HelloBarcode.csproj", "{DD72E2AB-784B-433C-A34B-2A5A2DE0EFCF}"
EndProject
Global
	GlobalSection(SolutionConfigurationPlatforms) = preSolution
		Debug|Any CPU = Debug|Any CPU
		Release|Any CPU = Release|Any CPU
	EndGlobalSection
	GlobalSection(ProjectConfigurationPlatforms) = postSolution
		{DD72E2AB-784B-433C-A34B-2A5A2DE0EFCF}.Debug|Any CPU.ActiveCfg = Debug|Any CPU
		{DD72E2AB-784B-433C-A34B-2A5A2DE0EFCF}.Debug|Any CPU.Build.0 = Debug|Any CPU
		{DD72E2AB-784B-433C-A34B-2A5A2DE0EFCF}.Release|Any CPU.ActiveCfg = Release|Any CPU
		{DD72E2AB-784B-433C-A34B-2A5A2DE0EFCF}.Release|Any CPU.Build.0 = Release|Any CPU
	EndGlobalSection
	GlobalSection(SolutionProperties) = preSolution
		HideSolutionNode = FALSE
	EndGlobalSection
	GlobalSection(ExtensibilityGlobals) = postSolution
		SolutionGuid = {804CF29F-ABAC-49A6-9ACD-866DE8A1F0D1}
	EndGlobalSection
EndGlobal
