
Microsoft Visual Studio Solution File, Format Version 12.00
# Visual Studio Version 17
VisualStudioVersion = 17.3.32819.101
MinimumVisualStudioVersion = 10.0.40219.1
Project("{FAE04EC0-301F-11D3-BF4B-00C04F79EFBC}") = "SimpleForm", "SimpleForm.csproj", "{5444DE2D-C396-4640-BFC6-323C97F303EF}"
EndProject
Global
	GlobalSection(SolutionConfigurationPlatforms) = preSolution
		Debug|Any CPU = Debug|Any CPU
		Release|Any CPU = Release|Any CPU
	EndGlobalSection
	GlobalSection(ProjectConfigurationPlatforms) = postSolution
		{5444DE2D-C396-4640-BFC6-323C97F303EF}.Debug|Any CPU.ActiveCfg = Debug|Any CPU
		{5444DE2D-C396-4640-BFC6-323C97F303EF}.Debug|Any CPU.Build.0 = Debug|Any CPU
		{5444DE2D-C396-4640-BFC6-323C97F303EF}.Release|Any CPU.ActiveCfg = Release|Any CPU
		{5444DE2D-C396-4640-BFC6-323C97F303EF}.Release|Any CPU.Build.0 = Release|Any CPU
	EndGlobalSection
	GlobalSection(SolutionProperties) = preSolution
		HideSolutionNode = FALSE
	EndGlobalSection
	GlobalSection(ExtensibilityGlobals) = postSolution
		SolutionGuid = {3EBE3EB9-DC66-46D6-81A2-FAD5D974EEB1}
	EndGlobalSection
EndGlobal
