
Microsoft Visual Studio Solution File, Format Version 12.00
# Visual Studio Version 17
VisualStudioVersion = 17.3.32819.101
MinimumVisualStudioVersion = 10.0.40219.1
Project("{FAE04EC0-301F-11D3-BF4B-00C04F79EFBC}") = "ThreadDemo", "ThreadDemo.csproj", "{466F9652-9684-4DAD-9747-2F5567261C27}"
EndProject
Global
	GlobalSection(SolutionConfigurationPlatforms) = preSolution
		Debug|Any CPU = Debug|Any CPU
		Release|Any CPU = Release|Any CPU
	EndGlobalSection
	GlobalSection(ProjectConfigurationPlatforms) = postSolution
		{466F9652-9684-4DAD-9747-2F5567261C27}.Debug|Any CPU.ActiveCfg = Debug|Any CPU
		{466F9652-9684-4DAD-9747-2F5567261C27}.Debug|Any CPU.Build.0 = Debug|Any CPU
		{466F9652-9684-4DAD-9747-2F5567261C27}.Release|Any CPU.ActiveCfg = Release|Any CPU
		{466F9652-9684-4DAD-9747-2F5567261C27}.Release|Any CPU.Build.0 = Release|Any CPU
	EndGlobalSection
	GlobalSection(SolutionProperties) = preSolution
		HideSolutionNode = FALSE
	EndGlobalSection
	GlobalSection(ExtensibilityGlobals) = postSolution
		SolutionGuid = {F0F49F29-1F28-4B1C-B2B8-264E8484F64E}
	EndGlobalSection
EndGlobal
