
Microsoft Visual Studio Solution File, Format Version 12.00
# Visual Studio Version 17
VisualStudioVersion = 17.3.32819.101
MinimumVisualStudioVersion = 10.0.40219.1
Project("{FAE04EC0-301F-11D3-BF4B-00C04F79EFBC}") = "DotNetADO", "DotNetADO.csproj", "{12D168BE-E99A-44F5-AB84-E13AEF2A4F5A}"
EndProject
Global
	GlobalSection(SolutionConfigurationPlatforms) = preSolution
		Debug|Any CPU = Debug|Any CPU
		Release|Any CPU = Release|Any CPU
	EndGlobalSection
	GlobalSection(ProjectConfigurationPlatforms) = postSolution
		{12D168BE-E99A-44F5-AB84-E13AEF2A4F5A}.Debug|Any CPU.ActiveCfg = Debug|Any CPU
		{12D168BE-E99A-44F5-AB84-E13AEF2A4F5A}.Debug|Any CPU.Build.0 = Debug|Any CPU
		{12D168BE-E99A-44F5-AB84-E13AEF2A4F5A}.Release|Any CPU.ActiveCfg = Release|Any CPU
		{12D168BE-E99A-44F5-AB84-E13AEF2A4F5A}.Release|Any CPU.Build.0 = Release|Any CPU
	EndGlobalSection
	GlobalSection(SolutionProperties) = preSolution
		HideSolutionNode = FALSE
	EndGlobalSection
	GlobalSection(ExtensibilityGlobals) = postSolution
		SolutionGuid = {D08B8E35-FF83-4D25-9313-F399CA1A4F41}
	EndGlobalSection
EndGlobal
