
Microsoft Visual Studio Solution File, Format Version 12.00
# Visual Studio Version 17
VisualStudioVersion = 17.3.32819.101
MinimumVisualStudioVersion = 10.0.40219.1
Project("{FAE04EC0-301F-11D3-BF4B-00C04F79EFBC}") = "HelloPdfDocument", "HelloPdfDocument.csproj", "{0E7D006D-6336-4328-9965-5574D6E99E8A}"
EndProject
Global
	GlobalSection(SolutionConfigurationPlatforms) = preSolution
		Debug|Any CPU = Debug|Any CPU
		Release|Any CPU = Release|Any CPU
	EndGlobalSection
	GlobalSection(ProjectConfigurationPlatforms) = postSolution
		{0E7D006D-6336-4328-9965-5574D6E99E8A}.Debug|Any CPU.ActiveCfg = Debug|Any CPU
		{0E7D006D-6336-4328-9965-5574D6E99E8A}.Debug|Any CPU.Build.0 = Debug|Any CPU
		{0E7D006D-6336-4328-9965-5574D6E99E8A}.Release|Any CPU.ActiveCfg = Release|Any CPU
		{0E7D006D-6336-4328-9965-5574D6E99E8A}.Release|Any CPU.Build.0 = Release|Any CPU
	EndGlobalSection
	GlobalSection(SolutionProperties) = preSolution
		HideSolutionNode = FALSE
	EndGlobalSection
	GlobalSection(ExtensibilityGlobals) = postSolution
		SolutionGuid = {51E74F2D-B7B3-45B4-8091-13406E1F9B52}
	EndGlobalSection
EndGlobal
